
Microsoft Visual Studio Solution File, Format Version 12.00
# Visual Studio 15
VisualStudioVersion = 15.0.28307.421
MinimumVisualStudioVersion = 10.0.40219.1
Project("{FAE04EC0-301F-11D3-BF4B-00C04F79EFBC}") = "EFConsole", "EFConsole\EFConsole.csproj", "{1EAC9981-8B26-440F-9D3C-4C87E9EEFE28}"
EndProject
Global
	GlobalSection(SolutionConfigurationPlatforms) = preSolution
		Debug|Any CPU = Debug|Any CPU
		Release|Any CPU = Release|Any CPU
	EndGlobalSection
	GlobalSection(ProjectConfigurationPlatforms) = postSolution
		{1EAC9981-8B26-440F-9D3C-4C87E9EEFE28}.Debug|Any CPU.ActiveCfg = Debug|Any CPU
		{1EAC9981-8B26-440F-9D3C-4C87E9EEFE28}.Debug|Any CPU.Build.0 = Debug|Any CPU
		{1EAC9981-8B26-440F-9D3C-4C87E9EEFE28}.Release|Any CPU.ActiveCfg = Release|Any CPU
		{1EAC9981-8B26-440F-9D3C-4C87E9EEFE28}.Release|Any CPU.Build.0 = Release|Any CPU
	EndGlobalSection
	GlobalSection(SolutionProperties) = preSolution
		HideSolutionNode = FALSE
	EndGlobalSection
	GlobalSection(ExtensibilityGlobals) = postSolution
		SolutionGuid = {FC18D5F6-2BA9-4087-8432-FB196D680DD2}
	EndGlobalSection
EndGlobal
