
Microsoft Visual Studio Solution File, Format Version 12.00
# Visual Studio 15
VisualStudioVersion = 15.0.28307.421
MinimumVisualStudioVersion = 10.0.40219.1
Project("{FAE04EC0-301F-11D3-BF4B-00C04F79EFBC}") = "MVCCodeFirst", "MVCCodeFirst\MVCCodeFirst.csproj", "{9F81FE75-8F0F-46F7-867F-4C7DCE12923E}"
EndProject
Project("{FAE04EC0-301F-11D3-BF4B-00C04F79EFBC}") = "MVCCodeFirst.Tests", "MVCCodeFirst.Tests\MVCCodeFirst.Tests.csproj", "{682ED03B-D943-4C47-82B9-5195BD5516FB}"
EndProject
Global
	GlobalSection(SolutionConfigurationPlatforms) = preSolution
		Debug|Any CPU = Debug|Any CPU
		Release|Any CPU = Release|Any CPU
	EndGlobalSection
	GlobalSection(ProjectConfigurationPlatforms) = postSolution
		{9F81FE75-8F0F-46F7-867F-4C7DCE12923E}.Debug|Any CPU.ActiveCfg = Debug|Any CPU
		{9F81FE75-8F0F-46F7-867F-4C7DCE12923E}.Debug|Any CPU.Build.0 = Debug|Any CPU
		{9F81FE75-8F0F-46F7-867F-4C7DCE12923E}.Release|Any CPU.ActiveCfg = Release|Any CPU
		{9F81FE75-8F0F-46F7-867F-4C7DCE12923E}.Release|Any CPU.Build.0 = Release|Any CPU
		{682ED03B-D943-4C47-82B9-5195BD5516FB}.Debug|Any CPU.ActiveCfg = Debug|Any CPU
		{682ED03B-D943-4C47-82B9-5195BD5516FB}.Debug|Any CPU.Build.0 = Debug|Any CPU
		{682ED03B-D943-4C47-82B9-5195BD5516FB}.Release|Any CPU.ActiveCfg = Release|Any CPU
		{682ED03B-D943-4C47-82B9-5195BD5516FB}.Release|Any CPU.Build.0 = Release|Any CPU
	EndGlobalSection
	GlobalSection(SolutionProperties) = preSolution
		HideSolutionNode = FALSE
	EndGlobalSection
	GlobalSection(ExtensibilityGlobals) = postSolution
		SolutionGuid = {B417BFAF-DF0F-49D4-B76B-F6F855374965}
	EndGlobalSection
EndGlobal
